
Microsoft Visual Studio Solution File, Format Version 12.00
# Visual Studio Version 16
VisualStudioVersion = 16.0.30011.22
MinimumVisualStudioVersion = 10.0.40219.1
Project("{2150E333-8FDC-42A3-9474-1A3956D46DE8}") = "Services", "Services", "{18EFFF10-B49B-4987-B48B-6FE6FBB34B75}"
EndProject
Project("{2150E333-8FDC-42A3-9474-1A3956D46DE8}") = "WebApps", "WebApps", "{1669F91F-3C77-433B-8D6A-940F3DD653D4}"
EndProject
Project("{2150E333-8FDC-42A3-9474-1A3956D46DE8}") = "Cadastro", "Cadastro", "{633712BC-C93B-4233-8989-4FE543AFE807}"
EndProject
Project("{2150E333-8FDC-42A3-9474-1A3956D46DE8}") = "Catalogo", "Catalogo", "{4A6FC5D9-B860-4D81-B42D-F3EE418D2825}"
EndProject
Project("{2150E333-8FDC-42A3-9474-1A3956D46DE8}") = "Core", "Core", "{045B327F-9582-4844-A8BF-C7E30C3FE2D5}"
EndProject
Project("{2150E333-8FDC-42A3-9474-1A3956D46DE8}") = "Fiscal", "Fiscal", "{7C0E6579-884E-476C-AE6C-E5B485AA2040}"
EndProject
Project("{2150E333-8FDC-42A3-9474-1A3956D46DE8}") = "Pagamentos", "Pagamentos", "{7C8EF02D-02AD-4407-B577-198C3E3A083B}"
EndProject
Project("{2150E333-8FDC-42A3-9474-1A3956D46DE8}") = "Venda", "Venda", "{52ACABE0-C6C0-4A28-8190-24E587380A15}"
EndProject
Project("{9A19103F-16F7-4668-BE54-9A1E7A4F7556}") = "NerdStore.Catalogo.Domain", "src\NerdStore.Catalogo.Domain\NerdStore.Catalogo.Domain.csproj", "{E6FB25B4-2434-43EF-A4CE-86077FAEEF37}"
EndProject
Project("{9A19103F-16F7-4668-BE54-9A1E7A4F7556}") = "NerdStore.Core", "src\NerdStore.Core\NerdStore.Core.csproj", "{0CF1242F-4FC4-46B5-9A12-4BE79BBE5AE6}"
EndProject
Project("{2150E333-8FDC-42A3-9474-1A3956D46DE8}") = "Tests", "Tests", "{2A03EFDA-5A6A-413D-8571-88983C6F41B2}"
EndProject
Project("{9A19103F-16F7-4668-BE54-9A1E7A4F7556}") = "NerdStore.Catalogo.Domain.Tests", "tests\NerdStore.Catalogo.Domain.Tests\NerdStore.Catalogo.Domain.Tests.csproj", "{F2677B11-99BA-4A1C-A6C3-88A5ED7B3DA5}"
EndProject
Project("{9A19103F-16F7-4668-BE54-9A1E7A4F7556}") = "NerdStore.Catalogo.Data", "src\NerdStore.Catalogo.Data\NerdStore.Catalogo.Data.csproj", "{C21763BE-BC14-4376-9B04-49B7822330AA}"
EndProject
Project("{9A19103F-16F7-4668-BE54-9A1E7A4F7556}") = "NerdStore.Catalogo.Application", "src\NerdStore.Catalogo.Application\NerdStore.Catalogo.Application.csproj", "{A045F23B-BAC8-45D6-B105-087B1C2BEC45}"
EndProject
Project("{9A19103F-16F7-4668-BE54-9A1E7A4F7556}") = "NerdStore.WebApp.MVC", "src\NerdStore.WebApp.MVC\NerdStore.WebApp.MVC.csproj", "{060E1C9C-8226-4A69-84CE-9799D909C834}"
EndProject
Project("{9A19103F-16F7-4668-BE54-9A1E7A4F7556}") = "NerdStore.Vendas.Domain", "src\NerdStore.Vendas.Domain\NerdStore.Vendas.Domain.csproj", "{E68C5D3E-E2FA-4E79-BB43-FEE669E0FCFE}"
EndProject
Project("{9A19103F-16F7-4668-BE54-9A1E7A4F7556}") = "NerdStore.Vendas.Application", "src\NerdStore.Vendas.Application\NerdStore.Vendas.Application.csproj", "{B0ABE699-674A-413F-A06B-93FFD347A0CA}"
EndProject
Project("{9A19103F-16F7-4668-BE54-9A1E7A4F7556}") = "NerdStore.Vendas.Data", "src\NerdStore.Vendas.Data\NerdStore.Vendas.Data.csproj", "{51767B67-A170-4D1E-A9C5-F8127E260664}"
EndProject
Project("{FAE04EC0-301F-11D3-BF4B-00C04F79EFBC}") = "NerdStore.Pagamentos.Business", "src\NerdStore.Pagamentos.Business\NerdStore.Pagamentos.Business.csproj", "{18E529B9-926A-45C1-B1B6-3A94096EF4BC}"
EndProject
Project("{FAE04EC0-301F-11D3-BF4B-00C04F79EFBC}") = "NerdStore.Pagamentos.Data", "src\NerdStore.Pagamentos.Data\NerdStore.Pagamentos.Data.csproj", "{1302D911-DE8D-494D-8F9A-546E7B09F478}"
EndProject
Project("{FAE04EC0-301F-11D3-BF4B-00C04F79EFBC}") = "NerdStore.Pagamentos.AntiCorruption", "src\NerdStore.Pagamentos.AntiCorruption\NerdStore.Pagamentos.AntiCorruption.csproj", "{844E9CF3-47EF-4F15-AE78-A2CC427F07F7}"
EndProject
Global
	GlobalSection(SolutionConfigurationPlatforms) = preSolution
		Debug|Any CPU = Debug|Any CPU
		Release|Any CPU = Release|Any CPU
	EndGlobalSection
	GlobalSection(ProjectConfigurationPlatforms) = postSolution
		{E6FB25B4-2434-43EF-A4CE-86077FAEEF37}.Debug|Any CPU.ActiveCfg = Debug|Any CPU
		{E6FB25B4-2434-43EF-A4CE-86077FAEEF37}.Debug|Any CPU.Build.0 = Debug|Any CPU
		{E6FB25B4-2434-43EF-A4CE-86077FAEEF37}.Release|Any CPU.ActiveCfg = Release|Any CPU
		{E6FB25B4-2434-43EF-A4CE-86077FAEEF37}.Release|Any CPU.Build.0 = Release|Any CPU
		{0CF1242F-4FC4-46B5-9A12-4BE79BBE5AE6}.Debug|Any CPU.ActiveCfg = Debug|Any CPU
		{0CF1242F-4FC4-46B5-9A12-4BE79BBE5AE6}.Debug|Any CPU.Build.0 = Debug|Any CPU
		{0CF1242F-4FC4-46B5-9A12-4BE79BBE5AE6}.Release|Any CPU.ActiveCfg = Release|Any CPU
		{0CF1242F-4FC4-46B5-9A12-4BE79BBE5AE6}.Release|Any CPU.Build.0 = Release|Any CPU
		{F2677B11-99BA-4A1C-A6C3-88A5ED7B3DA5}.Debug|Any CPU.ActiveCfg = Debug|Any CPU
		{F2677B11-99BA-4A1C-A6C3-88A5ED7B3DA5}.Debug|Any CPU.Build.0 = Debug|Any CPU
		{F2677B11-99BA-4A1C-A6C3-88A5ED7B3DA5}.Release|Any CPU.ActiveCfg = Release|Any CPU
		{F2677B11-99BA-4A1C-A6C3-88A5ED7B3DA5}.Release|Any CPU.Build.0 = Release|Any CPU
		{C21763BE-BC14-4376-9B04-49B7822330AA}.Debug|Any CPU.ActiveCfg = Debug|Any CPU
		{C21763BE-BC14-4376-9B04-49B7822330AA}.Debug|Any CPU.Build.0 = Debug|Any CPU
		{C21763BE-BC14-4376-9B04-49B7822330AA}.Release|Any CPU.ActiveCfg = Release|Any CPU
		{C21763BE-BC14-4376-9B04-49B7822330AA}.Release|Any CPU.Build.0 = Release|Any CPU
		{A045F23B-BAC8-45D6-B105-087B1C2BEC45}.Debug|Any CPU.ActiveCfg = Debug|Any CPU
		{A045F23B-BAC8-45D6-B105-087B1C2BEC45}.Debug|Any CPU.Build.0 = Debug|Any CPU
		{A045F23B-BAC8-45D6-B105-087B1C2BEC45}.Release|Any CPU.ActiveCfg = Release|Any CPU
		{A045F23B-BAC8-45D6-B105-087B1C2BEC45}.Release|Any CPU.Build.0 = Release|Any CPU
		{060E1C9C-8226-4A69-84CE-9799D909C834}.Debug|Any CPU.ActiveCfg = Debug|Any CPU
		{060E1C9C-8226-4A69-84CE-9799D909C834}.Debug|Any CPU.Build.0 = Debug|Any CPU
		{060E1C9C-8226-4A69-84CE-9799D909C834}.Release|Any CPU.ActiveCfg = Release|Any CPU
		{060E1C9C-8226-4A69-84CE-9799D909C834}.Release|Any CPU.Build.0 = Release|Any CPU
		{E68C5D3E-E2FA-4E79-BB43-FEE669E0FCFE}.Debug|Any CPU.ActiveCfg = Debug|Any CPU
		{E68C5D3E-E2FA-4E79-BB43-FEE669E0FCFE}.Debug|Any CPU.Build.0 = Debug|Any CPU
		{E68C5D3E-E2FA-4E79-BB43-FEE669E0FCFE}.Release|Any CPU.ActiveCfg = Release|Any CPU
		{E68C5D3E-E2FA-4E79-BB43-FEE669E0FCFE}.Release|Any CPU.Build.0 = Release|Any CPU
		{B0ABE699-674A-413F-A06B-93FFD347A0CA}.Debug|Any CPU.ActiveCfg = Debug|Any CPU
		{B0ABE699-674A-413F-A06B-93FFD347A0CA}.Debug|Any CPU.Build.0 = Debug|Any CPU
		{B0ABE699-674A-413F-A06B-93FFD347A0CA}.Release|Any CPU.ActiveCfg = Release|Any CPU
		{B0ABE699-674A-413F-A06B-93FFD347A0CA}.Release|Any CPU.Build.0 = Release|Any CPU
		{51767B67-A170-4D1E-A9C5-F8127E260664}.Debug|Any CPU.ActiveCfg = Debug|Any CPU
		{51767B67-A170-4D1E-A9C5-F8127E260664}.Debug|Any CPU.Build.0 = Debug|Any CPU
		{51767B67-A170-4D1E-A9C5-F8127E260664}.Release|Any CPU.ActiveCfg = Release|Any CPU
		{51767B67-A170-4D1E-A9C5-F8127E260664}.Release|Any CPU.Build.0 = Release|Any CPU
		{18E529B9-926A-45C1-B1B6-3A94096EF4BC}.Debug|Any CPU.ActiveCfg = Debug|Any CPU
		{18E529B9-926A-45C1-B1B6-3A94096EF4BC}.Debug|Any CPU.Build.0 = Debug|Any CPU
		{18E529B9-926A-45C1-B1B6-3A94096EF4BC}.Release|Any CPU.ActiveCfg = Release|Any CPU
		{18E529B9-926A-45C1-B1B6-3A94096EF4BC}.Release|Any CPU.Build.0 = Release|Any CPU
		{1302D911-DE8D-494D-8F9A-546E7B09F478}.Debug|Any CPU.ActiveCfg = Debug|Any CPU
		{1302D911-DE8D-494D-8F9A-546E7B09F478}.Debug|Any CPU.Build.0 = Debug|Any CPU
		{1302D911-DE8D-494D-8F9A-546E7B09F478}.Release|Any CPU.ActiveCfg = Release|Any CPU
		{1302D911-DE8D-494D-8F9A-546E7B09F478}.Release|Any CPU.Build.0 = Release|Any CPU
		{844E9CF3-47EF-4F15-AE78-A2CC427F07F7}.Debug|Any CPU.ActiveCfg = Debug|Any CPU
		{844E9CF3-47EF-4F15-AE78-A2CC427F07F7}.Debug|Any CPU.Build.0 = Debug|Any CPU
		{844E9CF3-47EF-4F15-AE78-A2CC427F07F7}.Release|Any CPU.ActiveCfg = Release|Any CPU
		{844E9CF3-47EF-4F15-AE78-A2CC427F07F7}.Release|Any CPU.Build.0 = Release|Any CPU
	EndGlobalSection
	GlobalSection(SolutionProperties) = preSolution
		HideSolutionNode = FALSE
	EndGlobalSection
	GlobalSection(NestedProjects) = preSolution
		{633712BC-C93B-4233-8989-4FE543AFE807} = {18EFFF10-B49B-4987-B48B-6FE6FBB34B75}
		{4A6FC5D9-B860-4D81-B42D-F3EE418D2825} = {18EFFF10-B49B-4987-B48B-6FE6FBB34B75}
		{045B327F-9582-4844-A8BF-C7E30C3FE2D5} = {18EFFF10-B49B-4987-B48B-6FE6FBB34B75}
		{7C0E6579-884E-476C-AE6C-E5B485AA2040} = {18EFFF10-B49B-4987-B48B-6FE6FBB34B75}
		{7C8EF02D-02AD-4407-B577-198C3E3A083B} = {18EFFF10-B49B-4987-B48B-6FE6FBB34B75}
		{52ACABE0-C6C0-4A28-8190-24E587380A15} = {18EFFF10-B49B-4987-B48B-6FE6FBB34B75}
		{E6FB25B4-2434-43EF-A4CE-86077FAEEF37} = {4A6FC5D9-B860-4D81-B42D-F3EE418D2825}
		{0CF1242F-4FC4-46B5-9A12-4BE79BBE5AE6} = {045B327F-9582-4844-A8BF-C7E30C3FE2D5}
		{2A03EFDA-5A6A-413D-8571-88983C6F41B2} = {4A6FC5D9-B860-4D81-B42D-F3EE418D2825}
		{F2677B11-99BA-4A1C-A6C3-88A5ED7B3DA5} = {2A03EFDA-5A6A-413D-8571-88983C6F41B2}
		{C21763BE-BC14-4376-9B04-49B7822330AA} = {4A6FC5D9-B860-4D81-B42D-F3EE418D2825}
		{A045F23B-BAC8-45D6-B105-087B1C2BEC45} = {4A6FC5D9-B860-4D81-B42D-F3EE418D2825}
		{060E1C9C-8226-4A69-84CE-9799D909C834} = {1669F91F-3C77-433B-8D6A-940F3DD653D4}
		{E68C5D3E-E2FA-4E79-BB43-FEE669E0FCFE} = {52ACABE0-C6C0-4A28-8190-24E587380A15}
		{B0ABE699-674A-413F-A06B-93FFD347A0CA} = {52ACABE0-C6C0-4A28-8190-24E587380A15}
		{51767B67-A170-4D1E-A9C5-F8127E260664} = {52ACABE0-C6C0-4A28-8190-24E587380A15}
		{18E529B9-926A-45C1-B1B6-3A94096EF4BC} = {7C8EF02D-02AD-4407-B577-198C3E3A083B}
		{1302D911-DE8D-494D-8F9A-546E7B09F478} = {7C8EF02D-02AD-4407-B577-198C3E3A083B}
		{844E9CF3-47EF-4F15-AE78-A2CC427F07F7} = {7C8EF02D-02AD-4407-B577-198C3E3A083B}
	EndGlobalSection
	GlobalSection(ExtensibilityGlobals) = postSolution
		SolutionGuid = {2E79D4F8-34CD-46D7-844E-0FA8D2D0894D}
	EndGlobalSection
EndGlobal
